// !$*UTF8*$!
{
	archiveVersion = 1;
	classes = {
	};
	objectVersion = 56;
	objects = {

/* Begin PBXBuildFile section */
		040A9AC129826D87007E11F2 /* bookDisplayView.swift in Sources */ = {isa = PBXBuildFile; fileRef = 040A9AC029826D87007E11F2 /* bookDisplayView.swift */; };
		040A9AC529826DD4007E11F2 /* registerView.swift in Sources */ = {isa = PBXBuildFile; fileRef = 040A9AC429826DD4007E11F2 /* registerView.swift */; };
		040A9AC729826DE6007E11F2 /* homeView.swift in Sources */ = {isa = PBXBuildFile; fileRef = 040A9AC629826DE6007E11F2 /* homeView.swift */; };
		04891186298CECFD005E8445 /* operationView.swift in Sources */ = {isa = PBXBuildFile; fileRef = 04891184298CECFD005E8445 /* operationView.swift */; };
		04891187298CECFD005E8445 /* loginView.swift in Sources */ = {isa = PBXBuildFile; fileRef = 04891185298CECFD005E8445 /* loginView.swift */; };
		04E5C1CD298229DE004CE174 /* ClientApp.swift in Sources */ = {isa = PBXBuildFile; fileRef = 04E5C1CC298229DE004CE174 /* ClientApp.swift */; };
		04E5C1CF298229DE004CE174 /* ContentView.swift in Sources */ = {isa = PBXBuildFile; fileRef = 04E5C1CE298229DE004CE174 /* ContentView.swift */; };
		04E5C1D1298229DF004CE174 /* Assets.xcassets in Resources */ = {isa = PBXBuildFile; fileRef = 04E5C1D0298229DF004CE174 /* Assets.xcassets */; };
		04E5C1D4298229DF004CE174 /* Preview Assets.xcassets in Resources */ = {isa = PBXBuildFile; fileRef = 04E5C1D3298229DF004CE174 /* Preview Assets.xcassets */; };
		04EB2E3D299CBC2200D04A35 /* ProgressHUD in Frameworks */ = {isa = PBXBuildFile; productRef = 04EB2E3C299CBC2200D04A35 /* ProgressHUD */; };
		04EB2E40299CBCA000D04A35 /* Alamofire in Frameworks */ = {isa = PBXBuildFile; productRef = 04EB2E3F299CBCA000D04A35 /* Alamofire */; };
		444ED98A299D1D0C00601475 /* account.swift in Sources */ = {isa = PBXBuildFile; fileRef = 444ED989299D1D0C00601475 /* account.swift */; };
		4468807E299E6BDC0078244A /* urls.swift in Sources */ = {isa = PBXBuildFile; fileRef = 4468807D299E6BDC0078244A /* urls.swift */; };
		44C25558299FB4EC00A58498 /* CodeScanner in Frameworks */ = {isa = PBXBuildFile; productRef = 44C25557299FB4EC00A58498 /* CodeScanner */; };
		44C2555A299FB54100A58498 /* qrCodeScanView.swift in Sources */ = {isa = PBXBuildFile; fileRef = 44C25559299FB54100A58498 /* qrCodeScanView.swift */; };
/* End PBXBuildFile section */

/* Begin PBXFileReference section */
		040A9AC029826D87007E11F2 /* bookDisplayView.swift */ = {isa = PBXFileReference; lastKnownFileType = sourcecode.swift; path = bookDisplayView.swift; sourceTree = "<group>"; };
		040A9AC429826DD4007E11F2 /* registerView.swift */ = {isa = PBXFileReference; lastKnownFileType = sourcecode.swift; path = registerView.swift; sourceTree = "<group>"; };
		040A9AC629826DE6007E11F2 /* homeView.swift */ = {isa = PBXFileReference; lastKnownFileType = sourcecode.swift; path = homeView.swift; sourceTree = "<group>"; };
		04891184298CECFD005E8445 /* operationView.swift */ = {isa = PBXFileReference; fileEncoding = 4; lastKnownFileType = sourcecode.swift; path = operationView.swift; sourceTree = "<group>"; };
		04891185298CECFD005E8445 /* loginView.swift */ = {isa = PBXFileReference; fileEncoding = 4; lastKnownFileType = sourcecode.swift; path = loginView.swift; sourceTree = "<group>"; };
		04E5C1C9298229DE004CE174 /* Client.app */ = {isa = PBXFileReference; explicitFileType = wrapper.application; includeInIndex = 0; path = Client.app; sourceTree = BUILT_PRODUCTS_DIR; };
		04E5C1CC298229DE004CE174 /* ClientApp.swift */ = {isa = PBXFileReference; lastKnownFileType = sourcecode.swift; path = ClientApp.swift; sourceTree = "<group>"; };
		04E5C1CE298229DE004CE174 /* ContentView.swift */ = {isa = PBXFileReference; lastKnownFileType = sourcecode.swift; path = ContentView.swift; sourceTree = "<group>"; };
		04E5C1D0298229DF004CE174 /* Assets.xcassets */ = {isa = PBXFileReference; lastKnownFileType = folder.assetcatalog; path = Assets.xcassets; sourceTree = "<group>"; };
		04E5C1D3298229DF004CE174 /* Preview Assets.xcassets */ = {isa = PBXFileReference; lastKnownFileType = folder.assetcatalog; path = "Preview Assets.xcassets"; sourceTree = "<group>"; };
		444ED989299D1D0C00601475 /* account.swift */ = {isa = PBXFileReference; lastKnownFileType = sourcecode.swift; path = account.swift; sourceTree = "<group>"; };
		4468807D299E6BDC0078244A /* urls.swift */ = {isa = PBXFileReference; lastKnownFileType = sourcecode.swift; path = urls.swift; sourceTree = "<group>"; };
		44C25559299FB54100A58498 /* qrCodeScanView.swift */ = {isa = PBXFileReference; lastKnownFileType = sourcecode.swift; path = qrCodeScanView.swift; sourceTree = "<group>"; };
		44C2555B299FBC3E00A58498 /* Info.plist */ = {isa = PBXFileReference; lastKnownFileType = text.plist; path = Info.plist; sourceTree = "<group>"; };
/* End PBXFileReference section */

/* Begin PBXFrameworksBuildPhase section */
		04E5C1C6298229DE004CE174 /* Frameworks */ = {
			isa = PBXFrameworksBuildPhase;
			buildActionMask = 2147483647;
			files = (
				04EB2E3D299CBC2200D04A35 /* ProgressHUD in Frameworks */,
				04EB2E40299CBCA000D04A35 /* Alamofire in Frameworks */,
				44C25558299FB4EC00A58498 /* CodeScanner in Frameworks */,
			);
			runOnlyForDeploymentPostprocessing = 0;
		};
/* End PBXFrameworksBuildPhase section */

/* Begin PBXGroup section */
		04E5C1C0298229DE004CE174 = {
			isa = PBXGroup;
			children = (
				04E5C1CB298229DE004CE174 /* Client */,
				04E5C1CA298229DE004CE174 /* Products */,
			);
			sourceTree = "<group>";
		};
		04E5C1CA298229DE004CE174 /* Products */ = {
			isa = PBXGroup;
			children = (
				04E5C1C9298229DE004CE174 /* Client.app */,
			);
			name = Products;
			sourceTree = "<group>";
		};
		04E5C1CB298229DE004CE174 /* Client */ = {
			isa = PBXGroup;
			children = (
				44C2555B299FBC3E00A58498 /* Info.plist */,
				04891185298CECFD005E8445 /* loginView.swift */,
				04891184298CECFD005E8445 /* operationView.swift */,
				04E5C1CC298229DE004CE174 /* ClientApp.swift */,
				04E5C1CE298229DE004CE174 /* ContentView.swift */,
				04E5C1D0298229DF004CE174 /* Assets.xcassets */,
				04E5C1D2298229DF004CE174 /* Preview Content */,
				040A9AC029826D87007E11F2 /* bookDisplayView.swift */,
				040A9AC429826DD4007E11F2 /* registerView.swift */,
				040A9AC629826DE6007E11F2 /* homeView.swift */,
				444ED989299D1D0C00601475 /* account.swift */,
				4468807D299E6BDC0078244A /* urls.swift */,
				44C25559299FB54100A58498 /* qrCodeScanView.swift */,
			);
			path = Client;
			sourceTree = "<group>";
		};
		04E5C1D2298229DF004CE174 /* Preview Content */ = {
			isa = PBXGroup;
			children = (
				04E5C1D3298229DF004CE174 /* Preview Assets.xcassets */,
			);
			path = "Preview Content";
			sourceTree = "<group>";
		};
/* End PBXGroup section */

/* Begin PBXNativeTarget section */
		04E5C1C8298229DE004CE174 /* Client */ = {
			isa = PBXNativeTarget;
			buildConfigurationList = 04E5C1D7298229DF004CE174 /* Build configuration list for PBXNativeTarget "Client" */;
			buildPhases = (
				04E5C1C5298229DE004CE174 /* Sources */,
				04E5C1C6298229DE004CE174 /* Frameworks */,
				04E5C1C7298229DE004CE174 /* Resources */,
			);
			buildRules = (
			);
			dependencies = (
			);
			name = Client;
			packageProductDependencies = (
				04EB2E3C299CBC2200D04A35 /* ProgressHUD */,
				04EB2E3F299CBCA000D04A35 /* Alamofire */,
				44C25557299FB4EC00A58498 /* CodeScanner */,
			);
			productName = Client;
			productReference = 04E5C1C9298229DE004CE174 /* Client.app */;
			productType = "com.apple.product-type.application";
		};
/* End PBXNativeTarget section */

/* Begin PBXProject section */
		04E5C1C1298229DE004CE174 /* Project object */ = {
			isa = PBXProject;
			attributes = {
				BuildIndependentTargetsInParallel = 1;
				LastSwiftUpdateCheck = 1420;
				LastUpgradeCheck = 1420;
				TargetAttributes = {
					04E5C1C8298229DE004CE174 = {
						CreatedOnToolsVersion = 14.2;
					};
				};
			};
			buildConfigurationList = 04E5C1C4298229DE004CE174 /* Build configuration list for PBXProject "Client" */;
			compatibilityVersion = "Xcode 14.0";
			developmentRegion = en;
			hasScannedForEncodings = 0;
			knownRegions = (
				en,
				Base,
			);
			mainGroup = 04E5C1C0298229DE004CE174;
			packageReferences = (
				04EB2E3B299CBC2200D04A35 /* XCRemoteSwiftPackageReference "ProgressHUD" */,
				04EB2E3E299CBCA000D04A35 /* XCRemoteSwiftPackageReference "Alamofire" */,
				44C25556299FB4EC00A58498 /* XCRemoteSwiftPackageReference "CodeScanner" */,
			);
			productRefGroup = 04E5C1CA298229DE004CE174 /* Products */;
			projectDirPath = "";
			projectRoot = "";
			targets = (
				04E5C1C8298229DE004CE174 /* Client */,
			);
		};
/* End PBXProject section */

/* Begin PBXResourcesBuildPhase section */
		04E5C1C7298229DE004CE174 /* Resources */ = {
			isa = PBXResourcesBuildPhase;
			buildActionMask = 2147483647;
			files = (
				04E5C1D4298229DF004CE174 /* Preview Assets.xcassets in Resources */,
				04E5C1D1298229DF004CE174 /* Assets.xcassets in Resources */,
			);
			runOnlyForDeploymentPostprocessing = 0;
		};
/* End PBXResourcesBuildPhase section */

/* Begin PBXSourcesBuildPhase section */
		04E5C1C5298229DE004CE174 /* Sources */ = {
			isa = PBXSourcesBuildPhase;
			buildActionMask = 2147483647;
			files = (
				4468807E299E6BDC0078244A /* urls.swift in Sources */,
				04E5C1CF298229DE004CE174 /* ContentView.swift in Sources */,
				040A9AC529826DD4007E11F2 /* registerView.swift in Sources */,
				04891187298CECFD005E8445 /* loginView.swift in Sources */,
				04E5C1CD298229DE004CE174 /* ClientApp.swift in Sources */,
				44C2555A299FB54100A58498 /* qrCodeScanView.swift in Sources */,
				040A9AC729826DE6007E11F2 /* homeView.swift in Sources */,
				444ED98A299D1D0C00601475 /* account.swift in Sources */,
				04891186298CECFD005E8445 /* operationView.swift in Sources */,
				040A9AC129826D87007E11F2 /* bookDisplayView.swift in Sources */,
			);
			runOnlyForDeploymentPostprocessing = 0;
		};
/* End PBXSourcesBuildPhase section */

/* Begin XCBuildConfiguration section */
		04E5C1D5298229DF004CE174 /* Debug */ = {
			isa = XCBuildConfiguration;
			buildSettings = {
				ALWAYS_SEARCH_USER_PATHS = NO;
				CLANG_ANALYZER_NONNULL = YES;
				CLANG_ANALYZER_NUMBER_OBJECT_CONVERSION = YES_AGGRESSIVE;
				CLANG_CXX_LANGUAGE_STANDARD = "gnu++20";
				CLANG_ENABLE_MODULES = YES;
				CLANG_ENABLE_OBJC_ARC = YES;
				CLANG_ENABLE_OBJC_WEAK = YES;
				CLANG_WARN_BLOCK_CAPTURE_AUTORELEASING = YES;
				CLANG_WARN_BOOL_CONVERSION = YES;
				CLANG_WARN_COMMA = YES;
				CLANG_WARN_CONSTANT_CONVERSION = YES;
				CLANG_WARN_DEPRECATED_OBJC_IMPLEMENTATIONS = YES;
				CLANG_WARN_DIRECT_OBJC_ISA_USAGE = YES_ERROR;
				CLANG_WARN_DOCUMENTATION_COMMENTS = YES;
				CLANG_WARN_EMPTY_BODY = YES;
				CLANG_WARN_ENUM_CONVERSION = YES;
				CLANG_WARN_INFINITE_RECURSION = YES;
				CLANG_WARN_INT_CONVERSION = YES;
				CLANG_WARN_NON_LITERAL_NULL_CONVERSION = YES;
				CLANG_WARN_OBJC_IMPLICIT_RETAIN_SELF = YES;
				CLANG_WARN_OBJC_LITERAL_CONVERSION = YES;
				CLANG_WARN_OBJC_ROOT_CLASS = YES_ERROR;
				CLANG_WARN_QUOTED_INCLUDE_IN_FRAMEWORK_HEADER = YES;
				CLANG_WARN_RANGE_LOOP_ANALYSIS = YES;
				CLANG_WARN_STRICT_PROTOTYPES = YES;
				CLANG_WARN_SUSPICIOUS_MOVE = YES;
				CLANG_WARN_UNGUARDED_AVAILABILITY = YES_AGGRESSIVE;
				CLANG_WARN_UNREACHABLE_CODE = YES;
				CLANG_WARN__DUPLICATE_METHOD_MATCH = YES;
				COPY_PHASE_STRIP = NO;
				DEBUG_INFORMATION_FORMAT = dwarf;
				ENABLE_STRICT_OBJC_MSGSEND = YES;
				ENABLE_TESTABILITY = YES;
				GCC_C_LANGUAGE_STANDARD = gnu11;
				GCC_DYNAMIC_NO_PIC = NO;
				GCC_NO_COMMON_BLOCKS = YES;
				GCC_OPTIMIZATION_LEVEL = 0;
				GCC_PREPROCESSOR_DEFINITIONS = (
					"DEBUG=1",
					"$(inherited)",
				);
				GCC_WARN_64_TO_32_BIT_CONVERSION = YES;
				GCC_WARN_ABOUT_RETURN_TYPE = YES_ERROR;
				GCC_WARN_UNDECLARED_SELECTOR = YES;
				GCC_WARN_UNINITIALIZED_AUTOS = YES_AGGRESSIVE;
				GCC_WARN_UNUSED_FUNCTION = YES;
				GCC_WARN_UNUSED_VARIABLE = YES;
				IPHONEOS_DEPLOYMENT_TARGET = 16.2;
				MTL_ENABLE_DEBUG_INFO = INCLUDE_SOURCE;
				MTL_FAST_MATH = YES;
				ONLY_ACTIVE_ARCH = YES;
				SDKROOT = iphoneos;
				SWIFT_ACTIVE_COMPILATION_CONDITIONS = DEBUG;
				SWIFT_OPTIMIZATION_LEVEL = "-Onone";
			};
			name = Debug;
		};
		04E5C1D6298229DF004CE174 /* Release */ = {
			isa = XCBuildConfiguration;
			buildSettings = {
				ALWAYS_SEARCH_USER_PATHS = NO;
				CLANG_ANALYZER_NONNULL = YES;
				CLANG_ANALYZER_NUMBER_OBJECT_CONVERSION = YES_AGGRESSIVE;
				CLANG_CXX_LANGUAGE_STANDARD = "gnu++20";
				CLANG_ENABLE_MODULES = YES;
				CLANG_ENABLE_OBJC_ARC = YES;
				CLANG_ENABLE_OBJC_WEAK = YES;
				CLANG_WARN_BLOCK_CAPTURE_AUTORELEASING = YES;
				CLANG_WARN_BOOL_CONVERSION = YES;
				CLANG_WARN_COMMA = YES;
				CLANG_WARN_CONSTANT_CONVERSION = YES;
				CLANG_WARN_DEPRECATED_OBJC_IMPLEMENTATIONS = YES;
				CLANG_WARN_DIRECT_OBJC_ISA_USAGE = YES_ERROR;
				CLANG_WARN_DOCUMENTATION_COMMENTS = YES;
				CLANG_WARN_EMPTY_BODY = YES;
				CLANG_WARN_ENUM_CONVERSION = YES;
				CLANG_WARN_INFINITE_RECURSION = YES;
				CLANG_WARN_INT_CONVERSION = YES;
				CLANG_WARN_NON_LITERAL_NULL_CONVERSION = YES;
				CLANG_WARN_OBJC_IMPLICIT_RETAIN_SELF = YES;
				CLANG_WARN_OBJC_LITERAL_CONVERSION = YES;
				CLANG_WARN_OBJC_ROOT_CLASS = YES_ERROR;
				CLANG_WARN_QUOTED_INCLUDE_IN_FRAMEWORK_HEADER = YES;
				CLANG_WARN_RANGE_LOOP_ANALYSIS = YES;
				CLANG_WARN_STRICT_PROTOTYPES = YES;
				CLANG_WARN_SUSPICIOUS_MOVE = YES;
				CLANG_WARN_UNGUARDED_AVAILABILITY = YES_AGGRESSIVE;
				CLANG_WARN_UNREACHABLE_CODE = YES;
				CLANG_WARN__DUPLICATE_METHOD_MATCH = YES;
				COPY_PHASE_STRIP = NO;
				DEBUG_INFORMATION_FORMAT = "dwarf-with-dsym";
				ENABLE_NS_ASSERTIONS = NO;
				ENABLE_STRICT_OBJC_MSGSEND = YES;
				GCC_C_LANGUAGE_STANDARD = gnu11;
				GCC_NO_COMMON_BLOCKS = YES;
				GCC_WARN_64_TO_32_BIT_CONVERSION = YES;
				GCC_WARN_ABOUT_RETURN_TYPE = YES_ERROR;
				GCC_WARN_UNDECLARED_SELECTOR = YES;
				GCC_WARN_UNINITIALIZED_AUTOS = YES_AGGRESSIVE;
				GCC_WARN_UNUSED_FUNCTION = YES;
				GCC_WARN_UNUSED_VARIABLE = YES;
				IPHONEOS_DEPLOYMENT_TARGET = 16.2;
				MTL_ENABLE_DEBUG_INFO = NO;
				MTL_FAST_MATH = YES;
				SDKROOT = iphoneos;
				SWIFT_COMPILATION_MODE = wholemodule;
				SWIFT_OPTIMIZATION_LEVEL = "-O";
				VALIDATE_PRODUCT = YES;
			};
			name = Release;
		};
		04E5C1D8298229DF004CE174 /* Debug */ = {
			isa = XCBuildConfiguration;
			buildSettings = {
				ASSETCATALOG_COMPILER_APPICON_NAME = AppIcon;
				ASSETCATALOG_COMPILER_GLOBAL_ACCENT_COLOR_NAME = AccentColor;
				ASSETCATALOG_COMPILER_INCLUDE_ALL_APPICON_ASSETS = YES;
				CODE_SIGN_STYLE = Automatic;
				CURRENT_PROJECT_VERSION = 1;
				DEVELOPMENT_ASSET_PATHS = "\"Client/Preview Content\"";
				DEVELOPMENT_TEAM = 2J87U75UHV;
				ENABLE_PREVIEWS = YES;
				GENERATE_INFOPLIST_FILE = YES;
				INFOPLIST_FILE = Client/Info.plist;
				INFOPLIST_KEY_CFBundleDisplayName = MyBorrow;
				INFOPLIST_KEY_NSCameraUsageDescription = "Open camera?";
				INFOPLIST_KEY_UIApplicationSceneManifest_Generation = YES;
				INFOPLIST_KEY_UIApplicationSupportsIndirectInputEvents = YES;
				INFOPLIST_KEY_UILaunchScreen_Generation = YES;
				INFOPLIST_KEY_UISupportedInterfaceOrientations_iPad = "UIInterfaceOrientationPortrait UIInterfaceOrientationPortraitUpsideDown UIInterfaceOrientationLandscapeLeft UIInterfaceOrientationLandscapeRight";
				INFOPLIST_KEY_UISupportedInterfaceOrientations_iPhone = "UIInterfaceOrientationPortrait UIInterfaceOrientationLandscapeLeft UIInterfaceOrientationLandscapeRight";
				LD_RUNPATH_SEARCH_PATHS = (
					"$(inherited)",
					"@executable_path/Frameworks",
				);
				MARKETING_VERSION = 1.0;
				PRODUCT_BUNDLE_IDENTIFIER = godmt.Client;
				PRODUCT_NAME = "$(TARGET_NAME)";
				SWIFT_EMIT_LOC_STRINGS = YES;
				SWIFT_VERSION = 5.0;
				TARGETED_DEVICE_FAMILY = "1,2";
			};
			name = Debug;
		};
		04E5C1D9298229DF004CE174 /* Release */ = {
			isa = XCBuildConfiguration;
			buildSettings = {
				ASSETCATALOG_COMPILER_APPICON_NAME = AppIcon;
				ASSETCATALOG_COMPILER_GLOBAL_ACCENT_COLOR_NAME = AccentColor;
				ASSETCATALOG_COMPILER_INCLUDE_ALL_APPICON_ASSETS = YES;
				CODE_SIGN_STYLE = Automatic;
				CURRENT_PROJECT_VERSION = 1;
				DEVELOPMENT_ASSET_PATHS = "\"Client/Preview Content\"";
				DEVELOPMENT_TEAM = 2J87U75UHV;
				ENABLE_PREVIEWS = YES;
				GENERATE_INFOPLIST_FILE = YES;
				INFOPLIST_FILE = Client/Info.plist;
				INFOPLIST_KEY_CFBundleDisplayName = MyBorrow;
				INFOPLIST_KEY_NSCameraUsageDescription = "Open camera?";
				INFOPLIST_KEY_UIApplicationSceneManifest_Generation = YES;
				INFOPLIST_KEY_UIApplicationSupportsIndirectInputEvents = YES;
				INFOPLIST_KEY_UILaunchScreen_Generation = YES;
				INFOPLIST_KEY_UISupportedInterfaceOrientations_iPad = "UIInterfaceOrientationPortrait UIInterfaceOrientationPortraitUpsideDown UIInterfaceOrientationLandscapeLeft UIInterfaceOrientationLandscapeRight";
				INFOPLIST_KEY_UISupportedInterfaceOrientations_iPhone = "UIInterfaceOrientationPortrait UIInterfaceOrientationLandscapeLeft UIInterfaceOrientationLandscapeRight";
				LD_RUNPATH_SEARCH_PATHS = (
					"$(inherited)",
					"@executable_path/Frameworks",
				);
				MARKETING_VERSION = 1.0;
				PRODUCT_BUNDLE_IDENTIFIER = godmt.Client;
				PRODUCT_NAME = "$(TARGET_NAME)";
				SWIFT_EMIT_LOC_STRINGS = YES;
				SWIFT_VERSION = 5.0;
				TARGETED_DEVICE_FAMILY = "1,2";
			};
			name = Release;
		};
/* End XCBuildConfiguration section */

/* Begin XCConfigurationList section */
		04E5C1C4298229DE004CE174 /* Build configuration list for PBXProject "Client" */ = {
			isa = XCConfigurationList;
			buildConfigurations = (
				04E5C1D5298229DF004CE174 /* Debug */,
				04E5C1D6298229DF004CE174 /* Release */,
			);
			defaultConfigurationIsVisible = 0;
			defaultConfigurationName = Release;
		};
		04E5C1D7298229DF004CE174 /* Build configuration list for PBXNativeTarget "Client" */ = {
			isa = XCConfigurationList;
			buildConfigurations = (
				04E5C1D8298229DF004CE174 /* Debug */,
				04E5C1D9298229DF004CE174 /* Release */,
			);
			defaultConfigurationIsVisible = 0;
			defaultConfigurationName = Release;
		};
/* End XCConfigurationList section */

/* Begin XCRemoteSwiftPackageReference section */
		04EB2E3B299CBC2200D04A35 /* XCRemoteSwiftPackageReference "ProgressHUD" */ = {
			isa = XCRemoteSwiftPackageReference;
			repositoryURL = "https://github.com/relatedcode/ProgressHUD.git";
			requirement = {
				branch = master;
				kind = branch;
			};
		};
		04EB2E3E299CBCA000D04A35 /* XCRemoteSwiftPackageReference "Alamofire" */ = {
			isa = XCRemoteSwiftPackageReference;
			repositoryURL = "https://github.com/Alamofire/Alamofire.git";
			requirement = {
				kind = upToNextMajorVersion;
				minimumVersion = 5.0.0;
			};
		};
		44C25556299FB4EC00A58498 /* XCRemoteSwiftPackageReference "CodeScanner" */ = {
			isa = XCRemoteSwiftPackageReference;
			repositoryURL = "https://github.com/twostraws/CodeScanner.git";
			requirement = {
				kind = exactVersion;
				version = 2.3.0;
			};
		};
/* End XCRemoteSwiftPackageReference section */

/* Begin XCSwiftPackageProductDependency section */
		04EB2E3C299CBC2200D04A35 /* ProgressHUD */ = {
			isa = XCSwiftPackageProductDependency;
			package = 04EB2E3B299CBC2200D04A35 /* XCRemoteSwiftPackageReference "ProgressHUD" */;
			productName = ProgressHUD;
		};
		04EB2E3F299CBCA000D04A35 /* Alamofire */ = {
			isa = XCSwiftPackageProductDependency;
			package = 04EB2E3E299CBCA000D04A35 /* XCRemoteSwiftPackageReference "Alamofire" */;
			productName = Alamofire;
		};
		44C25557299FB4EC00A58498 /* CodeScanner */ = {
			isa = XCSwiftPackageProductDependency;
			package = 44C25556299FB4EC00A58498 /* XCRemoteSwiftPackageReference "CodeScanner" */;
			productName = CodeScanner;
		};
/* End XCSwiftPackageProductDependency section */
	};
	rootObject = 04E5C1C1298229DE004CE174 /* Project object */;
}
